
Microsoft Visual Studio Solution File, Format Version 12.00
# Visual Studio Version 17
VisualStudioVersion = 17.2.32630.192
MinimumVisualStudioVersion = 10.0.40219.1
Project("{9A19103F-16F7-4668-BE54-9A1E7A4F7556}") = "Marbles", "Marbles\Marbles.csproj", "{D9D8AD8A-EC64-4B2D-958C-FE6A6794513A}"
EndProject
Project("{FAE04EC0-301F-11D3-BF4B-00C04F79EFBC}") = "MarblesTests", "MarblesTests\MarblesTests.csproj", "{6CCF1CB7-29A7-4E77-8CDC-ACFF39D8DBB2}"
EndProject
Global
	GlobalSection(SolutionConfigurationPlatforms) = preSolution
		Debug|Any CPU = Debug|Any CPU
		Release|Any CPU = Release|Any CPU
	EndGlobalSection
	GlobalSection(ProjectConfigurationPlatforms) = postSolution
		{D9D8AD8A-EC64-4B2D-958C-FE6A6794513A}.Debug|Any CPU.ActiveCfg = Debug|Any CPU
		{D9D8AD8A-EC64-4B2D-958C-FE6A6794513A}.Debug|Any CPU.Build.0 = Debug|Any CPU
		{D9D8AD8A-EC64-4B2D-958C-FE6A6794513A}.Release|Any CPU.ActiveCfg = Release|Any CPU
		{D9D8AD8A-EC64-4B2D-958C-FE6A6794513A}.Release|Any CPU.Build.0 = Release|Any CPU
		{6CCF1CB7-29A7-4E77-8CDC-ACFF39D8DBB2}.Debug|Any CPU.ActiveCfg = Debug|Any CPU
		{6CCF1CB7-29A7-4E77-8CDC-ACFF39D8DBB2}.Debug|Any CPU.Build.0 = Debug|Any CPU
		{6CCF1CB7-29A7-4E77-8CDC-ACFF39D8DBB2}.Release|Any CPU.ActiveCfg = Release|Any CPU
		{6CCF1CB7-29A7-4E77-8CDC-ACFF39D8DBB2}.Release|Any CPU.Build.0 = Release|Any CPU
	EndGlobalSection
	GlobalSection(SolutionProperties) = preSolution
		HideSolutionNode = FALSE
	EndGlobalSection
	GlobalSection(ExtensibilityGlobals) = postSolution
		SolutionGuid = {7F94D9DF-8AD5-42CF-AC66-3CB58297A2D5}
	EndGlobalSection
EndGlobal
